{
  "originHash" : "fb9ac36071f364d419c527ac181073d029907ab8c2d0a2cf5e1dbf2b4a353436",
  "pins" : [
    {
      "identity" : "generative-ai-swift",
      "kind" : "remoteSourceControl",
      "location" : "https://github.com/google/generative-ai-swift",
      "state" : {
        "revision" : "16e68bed8d8048078cb26a985048bcdb2252353f",
        "version" : "0.5.2"
      }
    }
  ],
  "version" : 3
}
