// !$*UTF8*$!
{
	archiveVersion = 1;
	classes = {
	};
	objectVersion = 56;
	objects = {

/* Begin PBXBuildFile section */
		2EC7A8872BEF1F36007919E1 /* GeminiApp.swift in Sources */ = {isa = PBXBuildFile; fileRef = 2EC7A8862BEF1F36007919E1 /* GeminiApp.swift */; };
		2EC7A8892BEF1F36007919E1 /* ContentView.swift in Sources */ = {isa = PBXBuildFile; fileRef = 2EC7A8882BEF1F36007919E1 /* ContentView.swift */; };
		2EC7A88B2BEF1F37007919E1 /* Assets.xcassets in Resources */ = {isa = PBXBuildFile; fileRef = 2EC7A88A2BEF1F37007919E1 /* Assets.xcassets */; };
		2EC7A88E2BEF1F37007919E1 /* Preview Assets.xcassets in Resources */ = {isa = PBXBuildFile; fileRef = 2EC7A88D2BEF1F37007919E1 /* Preview Assets.xcassets */; };
		2EC7A8952BEF1F4F007919E1 /* GenerativeAI-Info.plist in Resources */ = {isa = PBXBuildFile; fileRef = 2EC7A8942BEF1F4F007919E1 /* GenerativeAI-Info.plist */; };
		2EC7A8982BEF1F99007919E1 /* GoogleGenerativeAI in Frameworks */ = {isa = PBXBuildFile; productRef = 2EC7A8972BEF1F99007919E1 /* GoogleGenerativeAI */; };
		2EC7A89A2BEF1FE3007919E1 /* APIKey.swift in Sources */ = {isa = PBXBuildFile; fileRef = 2EC7A8992BEF1FE3007919E1 /* APIKey.swift */; };
		2EC7A89C2BEF2352007919E1 /* ChatView.swift in Sources */ = {isa = PBXBuildFile; fileRef = 2EC7A89B2BEF2352007919E1 /* ChatView.swift */; };
/* End PBXBuildFile section */

/* Begin PBXFileReference section */
		2EC7A8832BEF1F36007919E1 /* Gemini.app */ = {isa = PBXFileReference; explicitFileType = wrapper.application; includeInIndex = 0; path = Gemini.app; sourceTree = BUILT_PRODUCTS_DIR; };
		2EC7A8862BEF1F36007919E1 /* GeminiApp.swift */ = {isa = PBXFileReference; lastKnownFileType = sourcecode.swift; path = GeminiApp.swift; sourceTree = "<group>"; };
		2EC7A8882BEF1F36007919E1 /* ContentView.swift */ = {isa = PBXFileReference; lastKnownFileType = sourcecode.swift; path = ContentView.swift; sourceTree = "<group>"; };
		2EC7A88A2BEF1F37007919E1 /* Assets.xcassets */ = {isa = PBXFileReference; lastKnownFileType = folder.assetcatalog; path = Assets.xcassets; sourceTree = "<group>"; };
		2EC7A88D2BEF1F37007919E1 /* Preview Assets.xcassets */ = {isa = PBXFileReference; lastKnownFileType = folder.assetcatalog; path = "Preview Assets.xcassets"; sourceTree = "<group>"; };
		2EC7A8942BEF1F4F007919E1 /* GenerativeAI-Info.plist */ = {isa = PBXFileReference; fileEncoding = 4; lastKnownFileType = text.plist.xml; path = "GenerativeAI-Info.plist"; sourceTree = "<group>"; };
		2EC7A8992BEF1FE3007919E1 /* APIKey.swift */ = {isa = PBXFileReference; lastKnownFileType = sourcecode.swift; path = APIKey.swift; sourceTree = "<group>"; };
		2EC7A89B2BEF2352007919E1 /* ChatView.swift */ = {isa = PBXFileReference; lastKnownFileType = sourcecode.swift; path = ChatView.swift; sourceTree = "<group>"; };
/* End PBXFileReference section */

/* Begin PBXFrameworksBuildPhase section */
		2EC7A8802BEF1F36007919E1 /* Frameworks */ = {
			isa = PBXFrameworksBuildPhase;
			buildActionMask = 2147483647;
			files = (
				2EC7A8982BEF1F99007919E1 /* GoogleGenerativeAI in Frameworks */,
			);
			runOnlyForDeploymentPostprocessing = 0;
		};
/* End PBXFrameworksBuildPhase section */

/* Begin PBXGroup section */
		2EC7A87A2BEF1F36007919E1 = {
			isa = PBXGroup;
			children = (
				2EC7A8852BEF1F36007919E1 /* Gemini */,
				2EC7A8842BEF1F36007919E1 /* Products */,
			);
			sourceTree = "<group>";
		};
		2EC7A8842BEF1F36007919E1 /* Products */ = {
			isa = PBXGroup;
			children = (
				2EC7A8832BEF1F36007919E1 /* Gemini.app */,
			);
			name = Products;
			sourceTree = "<group>";
		};
		2EC7A8852BEF1F36007919E1 /* Gemini */ = {
			isa = PBXGroup;
			children = (
				2EC7A8862BEF1F36007919E1 /* GeminiApp.swift */,
				2EC7A8882BEF1F36007919E1 /* ContentView.swift */,
				2EC7A8942BEF1F4F007919E1 /* GenerativeAI-Info.plist */,
				2EC7A88A2BEF1F37007919E1 /* Assets.xcassets */,
				2EC7A88C2BEF1F37007919E1 /* Preview Content */,
				2EC7A8992BEF1FE3007919E1 /* APIKey.swift */,
				2EC7A89B2BEF2352007919E1 /* ChatView.swift */,
			);
			path = Gemini;
			sourceTree = "<group>";
		};
		2EC7A88C2BEF1F37007919E1 /* Preview Content */ = {
			isa = PBXGroup;
			children = (
				2EC7A88D2BEF1F37007919E1 /* Preview Assets.xcassets */,
			);
			path = "Preview Content";
			sourceTree = "<group>";
		};
/* End PBXGroup section */

/* Begin PBXNativeTarget section */
		2EC7A8822BEF1F36007919E1 /* Gemini */ = {
			isa = PBXNativeTarget;
			buildConfigurationList = 2EC7A8912BEF1F37007919E1 /* Build configuration list for PBXNativeTarget "Gemini" */;
			buildPhases = (
				2EC7A87F2BEF1F36007919E1 /* Sources */,
				2EC7A8802BEF1F36007919E1 /* Frameworks */,
				2EC7A8812BEF1F36007919E1 /* Resources */,
			);
			buildRules = (
			);
			dependencies = (
			);
			name = Gemini;
			packageProductDependencies = (
				2EC7A8972BEF1F99007919E1 /* GoogleGenerativeAI */,
			);
			productName = Gemini;
			productReference = 2EC7A8832BEF1F36007919E1 /* Gemini.app */;
			productType = "com.apple.product-type.application";
		};
/* End PBXNativeTarget section */

/* Begin PBXProject section */
		2EC7A87B2BEF1F36007919E1 /* Project object */ = {
			isa = PBXProject;
			attributes = {
				BuildIndependentTargetsInParallel = 1;
				LastSwiftUpdateCheck = 1530;
				LastUpgradeCheck = 1530;
				TargetAttributes = {
					2EC7A8822BEF1F36007919E1 = {
						CreatedOnToolsVersion = 15.3;
					};
				};
			};
			buildConfigurationList = 2EC7A87E2BEF1F36007919E1 /* Build configuration list for PBXProject "Gemini" */;
			compatibilityVersion = "Xcode 14.0";
			developmentRegion = en;
			hasScannedForEncodings = 0;
			knownRegions = (
				en,
				Base,
			);
			mainGroup = 2EC7A87A2BEF1F36007919E1;
			packageReferences = (
				2EC7A8962BEF1F99007919E1 /* XCRemoteSwiftPackageReference "generative-ai-swift" */,
			);
			productRefGroup = 2EC7A8842BEF1F36007919E1 /* Products */;
			projectDirPath = "";
			projectRoot = "";
			targets = (
				2EC7A8822BEF1F36007919E1 /* Gemini */,
			);
		};
/* End PBXProject section */

/* Begin PBXResourcesBuildPhase section */
		2EC7A8812BEF1F36007919E1 /* Resources */ = {
			isa = PBXResourcesBuildPhase;
			buildActionMask = 2147483647;
			files = (
				2EC7A8952BEF1F4F007919E1 /* GenerativeAI-Info.plist in Resources */,
				2EC7A88E2BEF1F37007919E1 /* Preview Assets.xcassets in Resources */,
				2EC7A88B2BEF1F37007919E1 /* Assets.xcassets in Resources */,
			);
			runOnlyForDeploymentPostprocessing = 0;
		};
/* End PBXResourcesBuildPhase section */

/* Begin PBXSourcesBuildPhase section */
		2EC7A87F2BEF1F36007919E1 /* Sources */ = {
			isa = PBXSourcesBuildPhase;
			buildActionMask = 2147483647;
			files = (
				2EC7A89C2BEF2352007919E1 /* ChatView.swift in Sources */,
				2EC7A8892BEF1F36007919E1 /* ContentView.swift in Sources */,
				2EC7A89A2BEF1FE3007919E1 /* APIKey.swift in Sources */,
				2EC7A8872BEF1F36007919E1 /* GeminiApp.swift in Sources */,
			);
			runOnlyForDeploymentPostprocessing = 0;
		};
/* End PBXSourcesBuildPhase section */

/* Begin XCBuildConfiguration section */
		2EC7A88F2BEF1F37007919E1 /* Debug */ = {
			isa = XCBuildConfiguration;
			buildSettings = {
				ALWAYS_SEARCH_USER_PATHS = NO;
				ASSETCATALOG_COMPILER_GENERATE_SWIFT_ASSET_SYMBOL_EXTENSIONS = YES;
				CLANG_ANALYZER_NONNULL = YES;
				CLANG_ANALYZER_NUMBER_OBJECT_CONVERSION = YES_AGGRESSIVE;
				CLANG_CXX_LANGUAGE_STANDARD = "gnu++20";
				CLANG_ENABLE_MODULES = YES;
				CLANG_ENABLE_OBJC_ARC = YES;
				CLANG_ENABLE_OBJC_WEAK = YES;
				CLANG_WARN_BLOCK_CAPTURE_AUTORELEASING = YES;
				CLANG_WARN_BOOL_CONVERSION = YES;
				CLANG_WARN_COMMA = YES;
				CLANG_WARN_CONSTANT_CONVERSION = YES;
				CLANG_WARN_DEPRECATED_OBJC_IMPLEMENTATIONS = YES;
				CLANG_WARN_DIRECT_OBJC_ISA_USAGE = YES_ERROR;
				CLANG_WARN_DOCUMENTATION_COMMENTS = YES;
				CLANG_WARN_EMPTY_BODY = YES;
				CLANG_WARN_ENUM_CONVERSION = YES;
				CLANG_WARN_INFINITE_RECURSION = YES;
				CLANG_WARN_INT_CONVERSION = YES;
				CLANG_WARN_NON_LITERAL_NULL_CONVERSION = YES;
				CLANG_WARN_OBJC_IMPLICIT_RETAIN_SELF = YES;
				CLANG_WARN_OBJC_LITERAL_CONVERSION = YES;
				CLANG_WARN_OBJC_ROOT_CLASS = YES_ERROR;
				CLANG_WARN_QUOTED_INCLUDE_IN_FRAMEWORK_HEADER = YES;
				CLANG_WARN_RANGE_LOOP_ANALYSIS = YES;
				CLANG_WARN_STRICT_PROTOTYPES = YES;
				CLANG_WARN_SUSPICIOUS_MOVE = YES;
				CLANG_WARN_UNGUARDED_AVAILABILITY = YES_AGGRESSIVE;
				CLANG_WARN_UNREACHABLE_CODE = YES;
				CLANG_WARN__DUPLICATE_METHOD_MATCH = YES;
				COPY_PHASE_STRIP = NO;
				DEBUG_INFORMATION_FORMAT = dwarf;
				ENABLE_STRICT_OBJC_MSGSEND = YES;
				ENABLE_TESTABILITY = YES;
				ENABLE_USER_SCRIPT_SANDBOXING = YES;
				GCC_C_LANGUAGE_STANDARD = gnu17;
				GCC_DYNAMIC_NO_PIC = NO;
				GCC_NO_COMMON_BLOCKS = YES;
				GCC_OPTIMIZATION_LEVEL = 0;
				GCC_PREPROCESSOR_DEFINITIONS = (
					"DEBUG=1",
					"$(inherited)",
				);
				GCC_WARN_64_TO_32_BIT_CONVERSION = YES;
				GCC_WARN_ABOUT_RETURN_TYPE = YES_ERROR;
				GCC_WARN_UNDECLARED_SELECTOR = YES;
				GCC_WARN_UNINITIALIZED_AUTOS = YES_AGGRESSIVE;
				GCC_WARN_UNUSED_FUNCTION = YES;
				GCC_WARN_UNUSED_VARIABLE = YES;
				IPHONEOS_DEPLOYMENT_TARGET = 17.4;
				LOCALIZATION_PREFERS_STRING_CATALOGS = YES;
				MTL_ENABLE_DEBUG_INFO = INCLUDE_SOURCE;
				MTL_FAST_MATH = YES;
				ONLY_ACTIVE_ARCH = YES;
				SDKROOT = iphoneos;
				SWIFT_ACTIVE_COMPILATION_CONDITIONS = "DEBUG $(inherited)";
				SWIFT_OPTIMIZATION_LEVEL = "-Onone";
			};
			name = Debug;
		};
		2EC7A8902BEF1F37007919E1 /* Release */ = {
			isa = XCBuildConfiguration;
			buildSettings = {
				ALWAYS_SEARCH_USER_PATHS = NO;
				ASSETCATALOG_COMPILER_GENERATE_SWIFT_ASSET_SYMBOL_EXTENSIONS = YES;
				CLANG_ANALYZER_NONNULL = YES;
				CLANG_ANALYZER_NUMBER_OBJECT_CONVERSION = YES_AGGRESSIVE;
				CLANG_CXX_LANGUAGE_STANDARD = "gnu++20";
				CLANG_ENABLE_MODULES = YES;
				CLANG_ENABLE_OBJC_ARC = YES;
				CLANG_ENABLE_OBJC_WEAK = YES;
				CLANG_WARN_BLOCK_CAPTURE_AUTORELEASING = YES;
				CLANG_WARN_BOOL_CONVERSION = YES;
				CLANG_WARN_COMMA = YES;
				CLANG_WARN_CONSTANT_CONVERSION = YES;
				CLANG_WARN_DEPRECATED_OBJC_IMPLEMENTATIONS = YES;
				CLANG_WARN_DIRECT_OBJC_ISA_USAGE = YES_ERROR;
				CLANG_WARN_DOCUMENTATION_COMMENTS = YES;
				CLANG_WARN_EMPTY_BODY = YES;
				CLANG_WARN_ENUM_CONVERSION = YES;
				CLANG_WARN_INFINITE_RECURSION = YES;
				CLANG_WARN_INT_CONVERSION = YES;
				CLANG_WARN_NON_LITERAL_NULL_CONVERSION = YES;
				CLANG_WARN_OBJC_IMPLICIT_RETAIN_SELF = YES;
				CLANG_WARN_OBJC_LITERAL_CONVERSION = YES;
				CLANG_WARN_OBJC_ROOT_CLASS = YES_ERROR;
				CLANG_WARN_QUOTED_INCLUDE_IN_FRAMEWORK_HEADER = YES;
				CLANG_WARN_RANGE_LOOP_ANALYSIS = YES;
				CLANG_WARN_STRICT_PROTOTYPES = YES;
				CLANG_WARN_SUSPICIOUS_MOVE = YES;
				CLANG_WARN_UNGUARDED_AVAILABILITY = YES_AGGRESSIVE;
				CLANG_WARN_UNREACHABLE_CODE = YES;
				CLANG_WARN__DUPLICATE_METHOD_MATCH = YES;
				COPY_PHASE_STRIP = NO;
				DEBUG_INFORMATION_FORMAT = "dwarf-with-dsym";
				ENABLE_NS_ASSERTIONS = NO;
				ENABLE_STRICT_OBJC_MSGSEND = YES;
				ENABLE_USER_SCRIPT_SANDBOXING = YES;
				GCC_C_LANGUAGE_STANDARD = gnu17;
				GCC_NO_COMMON_BLOCKS = YES;
				GCC_WARN_64_TO_32_BIT_CONVERSION = YES;
				GCC_WARN_ABOUT_RETURN_TYPE = YES_ERROR;
				GCC_WARN_UNDECLARED_SELECTOR = YES;
				GCC_WARN_UNINITIALIZED_AUTOS = YES_AGGRESSIVE;
				GCC_WARN_UNUSED_FUNCTION = YES;
				GCC_WARN_UNUSED_VARIABLE = YES;
				IPHONEOS_DEPLOYMENT_TARGET = 17.4;
				LOCALIZATION_PREFERS_STRING_CATALOGS = YES;
				MTL_ENABLE_DEBUG_INFO = NO;
				MTL_FAST_MATH = YES;
				SDKROOT = iphoneos;
				SWIFT_COMPILATION_MODE = wholemodule;
				VALIDATE_PRODUCT = YES;
			};
			name = Release;
		};
		2EC7A8922BEF1F37007919E1 /* Debug */ = {
			isa = XCBuildConfiguration;
			buildSettings = {
				ASSETCATALOG_COMPILER_APPICON_NAME = AppIcon;
				ASSETCATALOG_COMPILER_GLOBAL_ACCENT_COLOR_NAME = AccentColor;
				CODE_SIGN_STYLE = Automatic;
				CURRENT_PROJECT_VERSION = 1;
				DEVELOPMENT_ASSET_PATHS = "\"Gemini/Preview Content\"";
				DEVELOPMENT_TEAM = C59QF2W8P6;
				ENABLE_PREVIEWS = YES;
				GENERATE_INFOPLIST_FILE = YES;
				INFOPLIST_KEY_UIApplicationSceneManifest_Generation = YES;
				INFOPLIST_KEY_UIApplicationSupportsIndirectInputEvents = YES;
				INFOPLIST_KEY_UILaunchScreen_Generation = YES;
				INFOPLIST_KEY_UISupportedInterfaceOrientations_iPad = "UIInterfaceOrientationPortrait UIInterfaceOrientationPortraitUpsideDown UIInterfaceOrientationLandscapeLeft UIInterfaceOrientationLandscapeRight";
				INFOPLIST_KEY_UISupportedInterfaceOrientations_iPhone = "UIInterfaceOrientationPortrait UIInterfaceOrientationLandscapeLeft UIInterfaceOrientationLandscapeRight";
				LD_RUNPATH_SEARCH_PATHS = (
					"$(inherited)",
					"@executable_path/Frameworks",
				);
				MARKETING_VERSION = 1.0;
				PRODUCT_BUNDLE_IDENTIFIER = CalDev.Gemini;
				PRODUCT_NAME = "$(TARGET_NAME)";
				SWIFT_EMIT_LOC_STRINGS = YES;
				SWIFT_VERSION = 5.0;
				TARGETED_DEVICE_FAMILY = "1,2";
			};
			name = Debug;
		};
		2EC7A8932BEF1F37007919E1 /* Release */ = {
			isa = XCBuildConfiguration;
			buildSettings = {
				ASSETCATALOG_COMPILER_APPICON_NAME = AppIcon;
				ASSETCATALOG_COMPILER_GLOBAL_ACCENT_COLOR_NAME = AccentColor;
				CODE_SIGN_STYLE = Automatic;
				CURRENT_PROJECT_VERSION = 1;
				DEVELOPMENT_ASSET_PATHS = "\"Gemini/Preview Content\"";
				DEVELOPMENT_TEAM = C59QF2W8P6;
				ENABLE_PREVIEWS = YES;
				GENERATE_INFOPLIST_FILE = YES;
				INFOPLIST_KEY_UIApplicationSceneManifest_Generation = YES;
				INFOPLIST_KEY_UIApplicationSupportsIndirectInputEvents = YES;
				INFOPLIST_KEY_UILaunchScreen_Generation = YES;
				INFOPLIST_KEY_UISupportedInterfaceOrientations_iPad = "UIInterfaceOrientationPortrait UIInterfaceOrientationPortraitUpsideDown UIInterfaceOrientationLandscapeLeft UIInterfaceOrientationLandscapeRight";
				INFOPLIST_KEY_UISupportedInterfaceOrientations_iPhone = "UIInterfaceOrientationPortrait UIInterfaceOrientationLandscapeLeft UIInterfaceOrientationLandscapeRight";
				LD_RUNPATH_SEARCH_PATHS = (
					"$(inherited)",
					"@executable_path/Frameworks",
				);
				MARKETING_VERSION = 1.0;
				PRODUCT_BUNDLE_IDENTIFIER = CalDev.Gemini;
				PRODUCT_NAME = "$(TARGET_NAME)";
				SWIFT_EMIT_LOC_STRINGS = YES;
				SWIFT_VERSION = 5.0;
				TARGETED_DEVICE_FAMILY = "1,2";
			};
			name = Release;
		};
/* End XCBuildConfiguration section */

/* Begin XCConfigurationList section */
		2EC7A87E2BEF1F36007919E1 /* Build configuration list for PBXProject "Gemini" */ = {
			isa = XCConfigurationList;
			buildConfigurations = (
				2EC7A88F2BEF1F37007919E1 /* Debug */,
				2EC7A8902BEF1F37007919E1 /* Release */,
			);
			defaultConfigurationIsVisible = 0;
			defaultConfigurationName = Release;
		};
		2EC7A8912BEF1F37007919E1 /* Build configuration list for PBXNativeTarget "Gemini" */ = {
			isa = XCConfigurationList;
			buildConfigurations = (
				2EC7A8922BEF1F37007919E1 /* Debug */,
				2EC7A8932BEF1F37007919E1 /* Release */,
			);
			defaultConfigurationIsVisible = 0;
			defaultConfigurationName = Release;
		};
/* End XCConfigurationList section */

/* Begin XCRemoteSwiftPackageReference section */
		2EC7A8962BEF1F99007919E1 /* XCRemoteSwiftPackageReference "generative-ai-swift" */ = {
			isa = XCRemoteSwiftPackageReference;
			repositoryURL = "https://github.com/google/generative-ai-swift";
			requirement = {
				kind = upToNextMajorVersion;
				minimumVersion = 0.5.2;
			};
		};
/* End XCRemoteSwiftPackageReference section */

/* Begin XCSwiftPackageProductDependency section */
		2EC7A8972BEF1F99007919E1 /* GoogleGenerativeAI */ = {
			isa = XCSwiftPackageProductDependency;
			package = 2EC7A8962BEF1F99007919E1 /* XCRemoteSwiftPackageReference "generative-ai-swift" */;
			productName = GoogleGenerativeAI;
		};
/* End XCSwiftPackageProductDependency section */
	};
	rootObject = 2EC7A87B2BEF1F36007919E1 /* Project object */;
}
